
Microsoft Visual Studio Solution File, Format Version 12.00
# Visual Studio Version 16
VisualStudioVersion = 16.0.30002.166
MinimumVisualStudioVersion = 10.0.40219.1
Project("{FAE04EC0-301F-11D3-BF4B-00C04F79EFBC}") = "OAuthProject", "OAuthProject\OAuthProject.csproj", "{C0B9AD0E-FD05-4794-AE95-2AB59515C91F}"
EndProject
Global
	GlobalSection(SolutionConfigurationPlatforms) = preSolution
		Debug|Any CPU = Debug|Any CPU
		Release|Any CPU = Release|Any CPU
	EndGlobalSection
	GlobalSection(ProjectConfigurationPlatforms) = postSolution
		{C0B9AD0E-FD05-4794-AE95-2AB59515C91F}.Debug|Any CPU.ActiveCfg = Debug|Any CPU
		{C0B9AD0E-FD05-4794-AE95-2AB59515C91F}.Debug|Any CPU.Build.0 = Debug|Any CPU
		{C0B9AD0E-FD05-4794-AE95-2AB59515C91F}.Release|Any CPU.ActiveCfg = Release|Any CPU
		{C0B9AD0E-FD05-4794-AE95-2AB59515C91F}.Release|Any CPU.Build.0 = Release|Any CPU
	EndGlobalSection
	GlobalSection(SolutionProperties) = preSolution
		HideSolutionNode = FALSE
	EndGlobalSection
	GlobalSection(ExtensibilityGlobals) = postSolution
		SolutionGuid = {5E61EB27-8C69-469F-98F2-FB6F46461DC6}
	EndGlobalSection
EndGlobal
