
Microsoft Visual Studio Solution File, Format Version 12.00
# Visual Studio Version 16
VisualStudioVersion = 16.0.30002.166
MinimumVisualStudioVersion = 10.0.40219.1
Project("{FAE04EC0-301F-11D3-BF4B-00C04F79EFBC}") = "Bundles mvc", "Bundles mvc\Bundles mvc.csproj", "{317C9640-A9C8-48B9-B22E-C5DBBB662C54}"
EndProject
Global
	GlobalSection(SolutionConfigurationPlatforms) = preSolution
		Debug|Any CPU = Debug|Any CPU
		Release|Any CPU = Release|Any CPU
	EndGlobalSection
	GlobalSection(ProjectConfigurationPlatforms) = postSolution
		{317C9640-A9C8-48B9-B22E-C5DBBB662C54}.Debug|Any CPU.ActiveCfg = Debug|Any CPU
		{317C9640-A9C8-48B9-B22E-C5DBBB662C54}.Debug|Any CPU.Build.0 = Debug|Any CPU
		{317C9640-A9C8-48B9-B22E-C5DBBB662C54}.Release|Any CPU.ActiveCfg = Release|Any CPU
		{317C9640-A9C8-48B9-B22E-C5DBBB662C54}.Release|Any CPU.Build.0 = Release|Any CPU
	EndGlobalSection
	GlobalSection(SolutionProperties) = preSolution
		HideSolutionNode = FALSE
	EndGlobalSection
	GlobalSection(ExtensibilityGlobals) = postSolution
		SolutionGuid = {0F7E5AB6-48D8-48B9-A828-BC95BD795103}
	EndGlobalSection
EndGlobal
