
Microsoft Visual Studio Solution File, Format Version 12.00
# Visual Studio Version 16
VisualStudioVersion = 16.0.30002.166
MinimumVisualStudioVersion = 10.0.40219.1
Project("{FAE04EC0-301F-11D3-BF4B-00C04F79EFBC}") = "WebApplication1", "WebApplication1\WebApplication1.csproj", "{0DF8D2C6-4741-497B-BCB3-68789A3F8D56}"
EndProject
Global
	GlobalSection(SolutionConfigurationPlatforms) = preSolution
		Debug|Any CPU = Debug|Any CPU
		Release|Any CPU = Release|Any CPU
	EndGlobalSection
	GlobalSection(ProjectConfigurationPlatforms) = postSolution
		{0DF8D2C6-4741-497B-BCB3-68789A3F8D56}.Debug|Any CPU.ActiveCfg = Debug|Any CPU
		{0DF8D2C6-4741-497B-BCB3-68789A3F8D56}.Debug|Any CPU.Build.0 = Debug|Any CPU
		{0DF8D2C6-4741-497B-BCB3-68789A3F8D56}.Release|Any CPU.ActiveCfg = Release|Any CPU
		{0DF8D2C6-4741-497B-BCB3-68789A3F8D56}.Release|Any CPU.Build.0 = Release|Any CPU
	EndGlobalSection
	GlobalSection(SolutionProperties) = preSolution
		HideSolutionNode = FALSE
	EndGlobalSection
	GlobalSection(ExtensibilityGlobals) = postSolution
		SolutionGuid = {0B55CC1D-ED36-49A5-BADC-E9EECAE43533}
	EndGlobalSection
EndGlobal
